
Microsoft Visual Studio Solution File, Format Version 12.00
# Visual Studio Version 16
VisualStudioVersion = 16.0.31112.23
MinimumVisualStudioVersion = 10.0.40219.1
Project("{D954291E-2A0B-460D-934E-DC6B0785DB48}") = "MRRA.Shared", "MRRA\MRRA.Shared\MRRA.Shared.shproj", "{6279C845-92F8-4333-AB99-3D213163593C}"
EndProject
Project("{2150E333-8FDC-42A3-9474-1A3956D46DE8}") = "Platforms", "Platforms", "{1CEEEF36-46F4-49C9-BF68-0ECFEF4F0BAA}"
EndProject
Project("{FAE04EC0-301F-11D3-BF4B-00C04F79EFBC}") = "MRRA.Droid", "MRRA\MRRA.Droid\MRRA.Droid.csproj", "{7E8EAFD4-72F8-4C6F-AEE5-FAEAF0AAEC94}"
EndProject
Project("{FAE04EC0-301F-11D3-BF4B-00C04F79EFBC}") = "MRRA.iOS", "MRRA\MRRA.iOS\MRRA.iOS.csproj", "{E077E44B-ED43-4343-B6FF-AAE52E9E08A8}"
EndProject
Project("{FAE04EC0-301F-11D3-BF4B-00C04F79EFBC}") = "MRRA.UWP", "MRRA\MRRA.UWP\MRRA.UWP.csproj", "{4D577DC9-4766-4E72-9217-B51F4DD362AF}"
EndProject
Project("{FAE04EC0-301F-11D3-BF4B-00C04F79EFBC}") = "MRRA.Wasm", "MRRA\MRRA.Wasm\MRRA.Wasm.csproj", "{FC5039E0-FE9E-4EC6-AC05-B4D581B438F3}"
EndProject
Project("{FAE04EC0-301F-11D3-BF4B-00C04F79EFBC}") = "MRRA.macOS", "MRRA\MRRA.macOS\MRRA.macOS.csproj", "{11D4DBCE-5AD9-469A-943E-1B8B46A273FA}"
EndProject
Project("{FAE04EC0-301F-11D3-BF4B-00C04F79EFBC}") = "MRRA.Skia.Wpf.Host", "MRRA\MRRA.Skia.Wpf.Host\MRRA.Skia.Wpf.Host.csproj", "{3832EA1B-7EF4-4484-AEC6-2079D573653A}"
EndProject
Project("{FAE04EC0-301F-11D3-BF4B-00C04F79EFBC}") = "MRRA.Skia.Wpf", "MRRA\MRRA.Skia.Wpf\MRRA.Skia.Wpf.csproj", "{F03A8D49-456E-433D-894E-07CBDA394A26}"
EndProject
Project("{FAE04EC0-301F-11D3-BF4B-00C04F79EFBC}") = "MRRA.Skia.Gtk", "MRRA\MRRA.Skia.Gtk\MRRA.Skia.Gtk.csproj", "{97301C2C-255C-4958-9A21-775D0CB0FA4E}"
EndProject
Project("{FAE04EC0-301F-11D3-BF4B-00C04F79EFBC}") = "MRRA.Skia.Tizen", "MRRA\MRRA.Skia.Tizen\MRRA.Skia.Tizen.csproj", "{C0734BAF-E5F3-4B04-A015-1079D0B8E860}"
EndProject
Global
	GlobalSection(SharedMSBuildProjectFiles) = preSolution
		MRRA\MRRA.Shared\MRRA.Shared.projitems*{11d4dbce-5ad9-469a-943e-1b8b46a273fa}*SharedItemsImports = 4
		MRRA\MRRA.Shared\MRRA.Shared.projitems*{4d577dc9-4766-4e72-9217-b51f4dd362af}*SharedItemsImports = 4
		MRRA\MRRA.Shared\MRRA.Shared.projitems*{6279c845-92f8-4333-ab99-3d213163593c}*SharedItemsImports = 13
		MRRA\MRRA.Shared\MRRA.Shared.projitems*{7e8eafd4-72f8-4c6f-aee5-faeaf0aaec94}*SharedItemsImports = 4
		MRRA\MRRA.Shared\MRRA.Shared.projitems*{97301c2c-255c-4958-9a21-775d0cb0fa4e}*SharedItemsImports = 5
		MRRA\MRRA.Shared\MRRA.Shared.projitems*{c0734baf-e5f3-4b04-a015-1079d0b8e860}*SharedItemsImports = 5
		MRRA\MRRA.Shared\MRRA.Shared.projitems*{e077e44b-ed43-4343-b6ff-aae52e9e08a8}*SharedItemsImports = 4
		MRRA\MRRA.Shared\MRRA.Shared.projitems*{f03a8d49-456e-433d-894e-07cbda394a26}*SharedItemsImports = 5
		MRRA\MRRA.Shared\MRRA.Shared.projitems*{fc5039e0-fe9e-4ec6-ac05-b4d581b438f3}*SharedItemsImports = 5
	EndGlobalSection
	GlobalSection(SolutionConfigurationPlatforms) = preSolution
		Ad-Hoc|Any CPU = Ad-Hoc|Any CPU
		Ad-Hoc|ARM = Ad-Hoc|ARM
		Ad-Hoc|ARM64 = Ad-Hoc|ARM64
		Ad-Hoc|iPhone = Ad-Hoc|iPhone
		Ad-Hoc|iPhoneSimulator = Ad-Hoc|iPhoneSimulator
		Ad-Hoc|x64 = Ad-Hoc|x64
		Ad-Hoc|x86 = Ad-Hoc|x86
		AppStore|Any CPU = AppStore|Any CPU
		AppStore|ARM = AppStore|ARM
		AppStore|ARM64 = AppStore|ARM64
		AppStore|iPhone = AppStore|iPhone
		AppStore|iPhoneSimulator = AppStore|iPhoneSimulator
		AppStore|x64 = AppStore|x64
		AppStore|x86 = AppStore|x86
		Debug|Any CPU = Debug|Any CPU
		Debug|ARM = Debug|ARM
		Debug|ARM64 = Debug|ARM64
		Debug|iPhone = Debug|iPhone
		Debug|iPhoneSimulator = Debug|iPhoneSimulator
		Debug|x64 = Debug|x64
		Debug|x86 = Debug|x86
		Release|Any CPU = Release|Any CPU
		Release|ARM = Release|ARM
		Release|ARM64 = Release|ARM64
		Release|iPhone = Release|iPhone
		Release|iPhoneSimulator = Release|iPhoneSimulator
		Release|x64 = Release|x64
		Release|x86 = Release|x86
	EndGlobalSection
	GlobalSection(ProjectConfigurationPlatforms) = postSolution
		{7E8EAFD4-72F8-4C6F-AEE5-FAEAF0AAEC94}.Ad-Hoc|Any CPU.ActiveCfg = Debug|Any CPU
		{7E8EAFD4-72F8-4C6F-AEE5-FAEAF0AAEC94}.Ad-Hoc|Any CPU.Build.0 = Debug|Any CPU
		{7E8EAFD4-72F8-4C6F-AEE5-FAEAF0AAEC94}.Ad-Hoc|Any CPU.Deploy.0 = Debug|Any CPU
		{7E8EAFD4-72F8-4C6F-AEE5-FAEAF0AAEC94}.Ad-Hoc|ARM.ActiveCfg = Debug|Any CPU
		{7E8EAFD4-72F8-4C6F-AEE5-FAEAF0AAEC94}.Ad-Hoc|ARM.Build.0 = Debug|Any CPU
		{7E8EAFD4-72F8-4C6F-AEE5-FAEAF0AAEC94}.Ad-Hoc|ARM.Deploy.0 = Debug|Any CPU
		{7E8EAFD4-72F8-4C6F-AEE5-FAEAF0AAEC94}.Ad-Hoc|ARM64.ActiveCfg = Debug|Any CPU
		{7E8EAFD4-72F8-4C6F-AEE5-FAEAF0AAEC94}.Ad-Hoc|ARM64.Build.0 = Debug|Any CPU
		{7E8EAFD4-72F8-4C6F-AEE5-FAEAF0AAEC94}.Ad-Hoc|ARM64.Deploy.0 = Debug|Any CPU
		{7E8EAFD4-72F8-4C6F-AEE5-FAEAF0AAEC94}.Ad-Hoc|iPhone.ActiveCfg = Debug|Any CPU
		{7E8EAFD4-72F8-4C6F-AEE5-FAEAF0AAEC94}.Ad-Hoc|iPhone.Build.0 = Debug|Any CPU
		{7E8EAFD4-72F8-4C6F-AEE5-FAEAF0AAEC94}.Ad-Hoc|iPhone.Deploy.0 = Debug|Any CPU
		{7E8EAFD4-72F8-4C6F-AEE5-FAEAF0AAEC94}.Ad-Hoc|iPhoneSimulator.ActiveCfg = Debug|Any CPU
		{7E8EAFD4-72F8-4C6F-AEE5-FAEAF0AAEC94}.Ad-Hoc|iPhoneSimulator.Build.0 = Debug|Any CPU
		{7E8EAFD4-72F8-4C6F-AEE5-FAEAF0AAEC94}.Ad-Hoc|iPhoneSimulator.Deploy.0 = Debug|Any CPU
		{7E8EAFD4-72F8-4C6F-AEE5-FAEAF0AAEC94}.Ad-Hoc|x64.ActiveCfg = Debug|Any CPU
		{7E8EAFD4-72F8-4C6F-AEE5-FAEAF0AAEC94}.Ad-Hoc|x64.Build.0 = Debug|Any CPU
		{7E8EAFD4-72F8-4C6F-AEE5-FAEAF0AAEC94}.Ad-Hoc|x64.Deploy.0 = Debug|Any CPU
		{7E8EAFD4-72F8-4C6F-AEE5-FAEAF0AAEC94}.Ad-Hoc|x86.ActiveCfg = Debug|Any CPU
		{7E8EAFD4-72F8-4C6F-AEE5-FAEAF0AAEC94}.Ad-Hoc|x86.Build.0 = Debug|Any CPU
		{7E8EAFD4-72F8-4C6F-AEE5-FAEAF0AAEC94}.Ad-Hoc|x86.Deploy.0 = Debug|Any CPU
		{7E8EAFD4-72F8-4C6F-AEE5-FAEAF0AAEC94}.AppStore|Any CPU.ActiveCfg = Debug|Any CPU
		{7E8EAFD4-72F8-4C6F-AEE5-FAEAF0AAEC94}.AppStore|Any CPU.Build.0 = Debug|Any CPU
		{7E8EAFD4-72F8-4C6F-AEE5-FAEAF0AAEC94}.AppStore|Any CPU.Deploy.0 = Debug|Any CPU
		{7E8EAFD4-72F8-4C6F-AEE5-FAEAF0AAEC94}.AppStore|ARM.ActiveCfg = Debug|Any CPU
		{7E8EAFD4-72F8-4C6F-AEE5-FAEAF0AAEC94}.AppStore|ARM.Build.0 = Debug|Any CPU
		{7E8EAFD4-72F8-4C6F-AEE5-FAEAF0AAEC94}.AppStore|ARM.Deploy.0 = Debug|Any CPU
		{7E8EAFD4-72F8-4C6F-AEE5-FAEAF0AAEC94}.AppStore|ARM64.ActiveCfg = Debug|Any CPU
		{7E8EAFD4-72F8-4C6F-AEE5-FAEAF0AAEC94}.AppStore|ARM64.Build.0 = Debug|Any CPU
		{7E8EAFD4-72F8-4C6F-AEE5-FAEAF0AAEC94}.AppStore|ARM64.Deploy.0 = Debug|Any CPU
		{7E8EAFD4-72F8-4C6F-AEE5-FAEAF0AAEC94}.AppStore|iPhone.ActiveCfg = Debug|Any CPU
		{7E8EAFD4-72F8-4C6F-AEE5-FAEAF0AAEC94}.AppStore|iPhone.Build.0 = Debug|Any CPU
		{7E8EAFD4-72F8-4C6F-AEE5-FAEAF0AAEC94}.AppStore|iPhone.Deploy.0 = Debug|Any CPU
		{7E8EAFD4-72F8-4C6F-AEE5-FAEAF0AAEC94}.AppStore|iPhoneSimulator.ActiveCfg = Debug|Any CPU
		{7E8EAFD4-72F8-4C6F-AEE5-FAEAF0AAEC94}.AppStore|iPhoneSimulator.Build.0 = Debug|Any CPU
		{7E8EAFD4-72F8-4C6F-AEE5-FAEAF0AAEC94}.AppStore|iPhoneSimulator.Deploy.0 = Debug|Any CPU
		{7E8EAFD4-72F8-4C6F-AEE5-FAEAF0AAEC94}.AppStore|x64.ActiveCfg = Debug|Any CPU
		{7E8EAFD4-72F8-4C6F-AEE5-FAEAF0AAEC94}.AppStore|x64.Build.0 = Debug|Any CPU
		{7E8EAFD4-72F8-4C6F-AEE5-FAEAF0AAEC94}.AppStore|x64.Deploy.0 = Debug|Any CPU
		{7E8EAFD4-72F8-4C6F-AEE5-FAEAF0AAEC94}.AppStore|x86.ActiveCfg = Debug|Any CPU
		{7E8EAFD4-72F8-4C6F-AEE5-FAEAF0AAEC94}.AppStore|x86.Build.0 = Debug|Any CPU
		{7E8EAFD4-72F8-4C6F-AEE5-FAEAF0AAEC94}.AppStore|x86.Deploy.0 = Debug|Any CPU
		{7E8EAFD4-72F8-4C6F-AEE5-FAEAF0AAEC94}.Debug|Any CPU.ActiveCfg = Debug|Any CPU
		{7E8EAFD4-72F8-4C6F-AEE5-FAEAF0AAEC94}.Debug|Any CPU.Build.0 = Debug|Any CPU
		{7E8EAFD4-72F8-4C6F-AEE5-FAEAF0AAEC94}.Debug|Any CPU.Deploy.0 = Debug|Any CPU
		{7E8EAFD4-72F8-4C6F-AEE5-FAEAF0AAEC94}.Debug|ARM.ActiveCfg = Debug|Any CPU
		{7E8EAFD4-72F8-4C6F-AEE5-FAEAF0AAEC94}.Debug|ARM.Build.0 = Debug|Any CPU
		{7E8EAFD4-72F8-4C6F-AEE5-FAEAF0AAEC94}.Debug|ARM.Deploy.0 = Debug|Any CPU
		{7E8EAFD4-72F8-4C6F-AEE5-FAEAF0AAEC94}.Debug|ARM64.ActiveCfg = Debug|Any CPU
		{7E8EAFD4-72F8-4C6F-AEE5-FAEAF0AAEC94}.Debug|ARM64.Build.0 = Debug|Any CPU
		{7E8EAFD4-72F8-4C6F-AEE5-FAEAF0AAEC94}.Debug|ARM64.Deploy.0 = Debug|Any CPU
		{7E8EAFD4-72F8-4C6F-AEE5-FAEAF0AAEC94}.Debug|iPhone.ActiveCfg = Debug|Any CPU
		{7E8EAFD4-72F8-4C6F-AEE5-FAEAF0AAEC94}.Debug|iPhone.Build.0 = Debug|Any CPU
		{7E8EAFD4-72F8-4C6F-AEE5-FAEAF0AAEC94}.Debug|iPhone.Deploy.0 = Debug|Any CPU
		{7E8EAFD4-72F8-4C6F-AEE5-FAEAF0AAEC94}.Debug|iPhoneSimulator.ActiveCfg = Debug|Any CPU
		{7E8EAFD4-72F8-4C6F-AEE5-FAEAF0AAEC94}.Debug|iPhoneSimulator.Build.0 = Debug|Any CPU
		{7E8EAFD4-72F8-4C6F-AEE5-FAEAF0AAEC94}.Debug|iPhoneSimulator.Deploy.0 = Debug|Any CPU
		{7E8EAFD4-72F8-4C6F-AEE5-FAEAF0AAEC94}.Debug|x64.ActiveCfg = Debug|Any CPU
		{7E8EAFD4-72F8-4C6F-AEE5-FAEAF0AAEC94}.Debug|x64.Build.0 = Debug|Any CPU
		{7E8EAFD4-72F8-4C6F-AEE5-FAEAF0AAEC94}.Debug|x64.Deploy.0 = Debug|Any CPU
		{7E8EAFD4-72F8-4C6F-AEE5-FAEAF0AAEC94}.Debug|x86.ActiveCfg = Debug|Any CPU
		{7E8EAFD4-72F8-4C6F-AEE5-FAEAF0AAEC94}.Debug|x86.Build.0 = Debug|Any CPU
		{7E8EAFD4-72F8-4C6F-AEE5-FAEAF0AAEC94}.Debug|x86.Deploy.0 = Debug|Any CPU
		{7E8EAFD4-72F8-4C6F-AEE5-FAEAF0AAEC94}.Release|Any CPU.ActiveCfg = Release|Any CPU
		{7E8EAFD4-72F8-4C6F-AEE5-FAEAF0AAEC94}.Release|Any CPU.Build.0 = Release|Any CPU
		{7E8EAFD4-72F8-4C6F-AEE5-FAEAF0AAEC94}.Release|Any CPU.Deploy.0 = Release|Any CPU
		{7E8EAFD4-72F8-4C6F-AEE5-FAEAF0AAEC94}.Release|ARM.ActiveCfg = Release|Any CPU
		{7E8EAFD4-72F8-4C6F-AEE5-FAEAF0AAEC94}.Release|ARM.Build.0 = Release|Any CPU
		{7E8EAFD4-72F8-4C6F-AEE5-FAEAF0AAEC94}.Release|ARM.Deploy.0 = Release|Any CPU
		{7E8EAFD4-72F8-4C6F-AEE5-FAEAF0AAEC94}.Release|ARM64.ActiveCfg = Release|Any CPU
		{7E8EAFD4-72F8-4C6F-AEE5-FAEAF0AAEC94}.Release|ARM64.Build.0 = Release|Any CPU
		{7E8EAFD4-72F8-4C6F-AEE5-FAEAF0AAEC94}.Release|ARM64.Deploy.0 = Release|Any CPU
		{7E8EAFD4-72F8-4C6F-AEE5-FAEAF0AAEC94}.Release|iPhone.ActiveCfg = Release|Any CPU
		{7E8EAFD4-72F8-4C6F-AEE5-FAEAF0AAEC94}.Release|iPhone.Build.0 = Release|Any CPU
		{7E8EAFD4-72F8-4C6F-AEE5-FAEAF0AAEC94}.Release|iPhone.Deploy.0 = Release|Any CPU
		{7E8EAFD4-72F8-4C6F-AEE5-FAEAF0AAEC94}.Release|iPhoneSimulator.ActiveCfg = Release|Any CPU
		{7E8EAFD4-72F8-4C6F-AEE5-FAEAF0AAEC94}.Release|iPhoneSimulator.Build.0 = Release|Any CPU
		{7E8EAFD4-72F8-4C6F-AEE5-FAEAF0AAEC94}.Release|iPhoneSimulator.Deploy.0 = Release|Any CPU
		{7E8EAFD4-72F8-4C6F-AEE5-FAEAF0AAEC94}.Release|x64.ActiveCfg = Release|Any CPU
		{7E8EAFD4-72F8-4C6F-AEE5-FAEAF0AAEC94}.Release|x64.Build.0 = Release|Any CPU
		{7E8EAFD4-72F8-4C6F-AEE5-FAEAF0AAEC94}.Release|x64.Deploy.0 = Release|Any CPU
		{7E8EAFD4-72F8-4C6F-AEE5-FAEAF0AAEC94}.Release|x86.ActiveCfg = Release|Any CPU
		{7E8EAFD4-72F8-4C6F-AEE5-FAEAF0AAEC94}.Release|x86.Build.0 = Release|Any CPU
		{7E8EAFD4-72F8-4C6F-AEE5-FAEAF0AAEC94}.Release|x86.Deploy.0 = Release|Any CPU
		{E077E44B-ED43-4343-B6FF-AAE52E9E08A8}.Ad-Hoc|Any CPU.ActiveCfg = Ad-Hoc|iPhoneSimulator
		{E077E44B-ED43-4343-B6FF-AAE52E9E08A8}.Ad-Hoc|ARM.ActiveCfg = Ad-Hoc|iPhoneSimulator
		{E077E44B-ED43-4343-B6FF-AAE52E9E08A8}.Ad-Hoc|ARM64.ActiveCfg = Ad-Hoc|iPhoneSimulator
		{E077E44B-ED43-4343-B6FF-AAE52E9E08A8}.Ad-Hoc|iPhone.ActiveCfg = Ad-Hoc|iPhone
		{E077E44B-ED43-4343-B6FF-AAE52E9E08A8}.Ad-Hoc|iPhone.Build.0 = Ad-Hoc|iPhone
		{E077E44B-ED43-4343-B6FF-AAE52E9E08A8}.Ad-Hoc|iPhoneSimulator.ActiveCfg = Ad-Hoc|iPhoneSimulator
		{E077E44B-ED43-4343-B6FF-AAE52E9E08A8}.Ad-Hoc|iPhoneSimulator.Build.0 = Ad-Hoc|iPhoneSimulator
		{E077E44B-ED43-4343-B6FF-AAE52E9E08A8}.Ad-Hoc|x64.ActiveCfg = Ad-Hoc|iPhoneSimulator
		{E077E44B-ED43-4343-B6FF-AAE52E9E08A8}.Ad-Hoc|x86.ActiveCfg = Ad-Hoc|iPhoneSimulator
		{E077E44B-ED43-4343-B6FF-AAE52E9E08A8}.AppStore|Any CPU.ActiveCfg = AppStore|iPhoneSimulator
		{E077E44B-ED43-4343-B6FF-AAE52E9E08A8}.AppStore|ARM.ActiveCfg = AppStore|iPhoneSimulator
		{E077E44B-ED43-4343-B6FF-AAE52E9E08A8}.AppStore|ARM64.ActiveCfg = AppStore|iPhoneSimulator
		{E077E44B-ED43-4343-B6FF-AAE52E9E08A8}.AppStore|iPhone.ActiveCfg = AppStore|iPhone
		{E077E44B-ED43-4343-B6FF-AAE52E9E08A8}.AppStore|iPhone.Build.0 = AppStore|iPhone
		{E077E44B-ED43-4343-B6FF-AAE52E9E08A8}.AppStore|iPhoneSimulator.ActiveCfg = AppStore|iPhoneSimulator
		{E077E44B-ED43-4343-B6FF-AAE52E9E08A8}.AppStore|iPhoneSimulator.Build.0 = AppStore|iPhoneSimulator
		{E077E44B-ED43-4343-B6FF-AAE52E9E08A8}.AppStore|x64.ActiveCfg = AppStore|iPhoneSimulator
		{E077E44B-ED43-4343-B6FF-AAE52E9E08A8}.AppStore|x86.ActiveCfg = AppStore|iPhoneSimulator
		{E077E44B-ED43-4343-B6FF-AAE52E9E08A8}.Debug|Any CPU.ActiveCfg = Debug|iPhoneSimulator
		{E077E44B-ED43-4343-B6FF-AAE52E9E08A8}.Debug|ARM.ActiveCfg = Debug|iPhoneSimulator
		{E077E44B-ED43-4343-B6FF-AAE52E9E08A8}.Debug|ARM64.ActiveCfg = Debug|iPhoneSimulator
		{E077E44B-ED43-4343-B6FF-AAE52E9E08A8}.Debug|iPhone.ActiveCfg = Debug|iPhone
		{E077E44B-ED43-4343-B6FF-AAE52E9E08A8}.Debug|iPhone.Build.0 = Debug|iPhone
		{E077E44B-ED43-4343-B6FF-AAE52E9E08A8}.Debug|iPhoneSimulator.ActiveCfg = Debug|iPhoneSimulator
		{E077E44B-ED43-4343-B6FF-AAE52E9E08A8}.Debug|iPhoneSimulator.Build.0 = Debug|iPhoneSimulator
		{E077E44B-ED43-4343-B6FF-AAE52E9E08A8}.Debug|x64.ActiveCfg = Debug|iPhoneSimulator
		{E077E44B-ED43-4343-B6FF-AAE52E9E08A8}.Debug|x86.ActiveCfg = Debug|iPhoneSimulator
		{E077E44B-ED43-4343-B6FF-AAE52E9E08A8}.Release|Any CPU.ActiveCfg = Release|iPhoneSimulator
		{E077E44B-ED43-4343-B6FF-AAE52E9E08A8}.Release|ARM.ActiveCfg = Release|iPhoneSimulator
		{E077E44B-ED43-4343-B6FF-AAE52E9E08A8}.Release|ARM64.ActiveCfg = Release|iPhoneSimulator
		{E077E44B-ED43-4343-B6FF-AAE52E9E08A8}.Release|iPhone.ActiveCfg = Release|iPhone
		{E077E44B-ED43-4343-B6FF-AAE52E9E08A8}.Release|iPhone.Build.0 = Release|iPhone
		{E077E44B-ED43-4343-B6FF-AAE52E9E08A8}.Release|iPhoneSimulator.ActiveCfg = Release|iPhoneSimulator
		{E077E44B-ED43-4343-B6FF-AAE52E9E08A8}.Release|iPhoneSimulator.Build.0 = Release|iPhoneSimulator
		{E077E44B-ED43-4343-B6FF-AAE52E9E08A8}.Release|x64.ActiveCfg = Release|iPhoneSimulator
		{E077E44B-ED43-4343-B6FF-AAE52E9E08A8}.Release|x86.ActiveCfg = Release|iPhoneSimulator
		{4D577DC9-4766-4E72-9217-B51F4DD362AF}.Ad-Hoc|Any CPU.ActiveCfg = Debug|x86
		{4D577DC9-4766-4E72-9217-B51F4DD362AF}.Ad-Hoc|Any CPU.Build.0 = Debug|x86
		{4D577DC9-4766-4E72-9217-B51F4DD362AF}.Ad-Hoc|Any CPU.Deploy.0 = Debug|x86
		{4D577DC9-4766-4E72-9217-B51F4DD362AF}.Ad-Hoc|ARM.ActiveCfg = Debug|ARM
		{4D577DC9-4766-4E72-9217-B51F4DD362AF}.Ad-Hoc|ARM.Build.0 = Debug|ARM
		{4D577DC9-4766-4E72-9217-B51F4DD362AF}.Ad-Hoc|ARM.Deploy.0 = Debug|ARM
		{4D577DC9-4766-4E72-9217-B51F4DD362AF}.Ad-Hoc|ARM64.ActiveCfg = Debug|ARM64
		{4D577DC9-4766-4E72-9217-B51F4DD362AF}.Ad-Hoc|ARM64.Build.0 = Debug|ARM64
		{4D577DC9-4766-4E72-9217-B51F4DD362AF}.Ad-Hoc|ARM64.Deploy.0 = Debug|ARM64
		{4D577DC9-4766-4E72-9217-B51F4DD362AF}.Ad-Hoc|iPhone.ActiveCfg = Debug|x86
		{4D577DC9-4766-4E72-9217-B51F4DD362AF}.Ad-Hoc|iPhone.Build.0 = Debug|x86
		{4D577DC9-4766-4E72-9217-B51F4DD362AF}.Ad-Hoc|iPhone.Deploy.0 = Debug|x86
		{4D577DC9-4766-4E72-9217-B51F4DD362AF}.Ad-Hoc|iPhoneSimulator.ActiveCfg = Debug|x86
		{4D577DC9-4766-4E72-9217-B51F4DD362AF}.Ad-Hoc|iPhoneSimulator.Build.0 = Debug|x86
		{4D577DC9-4766-4E72-9217-B51F4DD362AF}.Ad-Hoc|iPhoneSimulator.Deploy.0 = Debug|x86
		{4D577DC9-4766-4E72-9217-B51F4DD362AF}.Ad-Hoc|x64.ActiveCfg = Debug|x64
		{4D577DC9-4766-4E72-9217-B51F4DD362AF}.Ad-Hoc|x64.Build.0 = Debug|x64
		{4D577DC9-4766-4E72-9217-B51F4DD362AF}.Ad-Hoc|x64.Deploy.0 = Debug|x64
		{4D577DC9-4766-4E72-9217-B51F4DD362AF}.Ad-Hoc|x86.ActiveCfg = Debug|x86
		{4D577DC9-4766-4E72-9217-B51F4DD362AF}.Ad-Hoc|x86.Build.0 = Debug|x86
		{4D577DC9-4766-4E72-9217-B51F4DD362AF}.Ad-Hoc|x86.Deploy.0 = Debug|x86
		{4D577DC9-4766-4E72-9217-B51F4DD362AF}.AppStore|Any CPU.ActiveCfg = Debug|x86
		{4D577DC9-4766-4E72-9217-B51F4DD362AF}.AppStore|Any CPU.Build.0 = Debug|x86
		{4D577DC9-4766-4E72-9217-B51F4DD362AF}.AppStore|Any CPU.Deploy.0 = Debug|x86
		{4D577DC9-4766-4E72-9217-B51F4DD362AF}.AppStore|ARM.ActiveCfg = Debug|ARM
		{4D577DC9-4766-4E72-9217-B51F4DD362AF}.AppStore|ARM.Build.0 = Debug|ARM
		{4D577DC9-4766-4E72-9217-B51F4DD362AF}.AppStore|ARM.Deploy.0 = Debug|ARM
		{4D577DC9-4766-4E72-9217-B51F4DD362AF}.AppStore|ARM64.ActiveCfg = Debug|ARM64
		{4D577DC9-4766-4E72-9217-B51F4DD362AF}.AppStore|ARM64.Build.0 = Debug|ARM64
		{4D577DC9-4766-4E72-9217-B51F4DD362AF}.AppStore|ARM64.Deploy.0 = Debug|ARM64
		{4D577DC9-4766-4E72-9217-B51F4DD362AF}.AppStore|iPhone.ActiveCfg = Debug|x86
		{4D577DC9-4766-4E72-9217-B51F4DD362AF}.AppStore|iPhone.Build.0 = Debug|x86
		{4D577DC9-4766-4E72-9217-B51F4DD362AF}.AppStore|iPhone.Deploy.0 = Debug|x86
		{4D577DC9-4766-4E72-9217-B51F4DD362AF}.AppStore|iPhoneSimulator.ActiveCfg = Debug|x86
		{4D577DC9-4766-4E72-9217-B51F4DD362AF}.AppStore|iPhoneSimulator.Build.0 = Debug|x86
		{4D577DC9-4766-4E72-9217-B51F4DD362AF}.AppStore|iPhoneSimulator.Deploy.0 = Debug|x86
		{4D577DC9-4766-4E72-9217-B51F4DD362AF}.AppStore|x64.ActiveCfg = Debug|x64
		{4D577DC9-4766-4E72-9217-B51F4DD362AF}.AppStore|x64.Build.0 = Debug|x64
		{4D577DC9-4766-4E72-9217-B51F4DD362AF}.AppStore|x64.Deploy.0 = Debug|x64
		{4D577DC9-4766-4E72-9217-B51F4DD362AF}.AppStore|x86.ActiveCfg = Debug|x86
		{4D577DC9-4766-4E72-9217-B51F4DD362AF}.AppStore|x86.Build.0 = Debug|x86
		{4D577DC9-4766-4E72-9217-B51F4DD362AF}.AppStore|x86.Deploy.0 = Debug|x86
		{4D577DC9-4766-4E72-9217-B51F4DD362AF}.Debug|Any CPU.ActiveCfg = Debug|x86
		{4D577DC9-4766-4E72-9217-B51F4DD362AF}.Debug|Any CPU.Build.0 = Debug|x86
		{4D577DC9-4766-4E72-9217-B51F4DD362AF}.Debug|Any CPU.Deploy.0 = Debug|x86
		{4D577DC9-4766-4E72-9217-B51F4DD362AF}.Debug|ARM.ActiveCfg = Debug|ARM
		{4D577DC9-4766-4E72-9217-B51F4DD362AF}.Debug|ARM.Build.0 = Debug|ARM
		{4D577DC9-4766-4E72-9217-B51F4DD362AF}.Debug|ARM.Deploy.0 = Debug|ARM
		{4D577DC9-4766-4E72-9217-B51F4DD362AF}.Debug|ARM64.ActiveCfg = Debug|ARM64
		{4D577DC9-4766-4E72-9217-B51F4DD362AF}.Debug|ARM64.Build.0 = Debug|ARM64
		{4D577DC9-4766-4E72-9217-B51F4DD362AF}.Debug|ARM64.Deploy.0 = Debug|ARM64
		{4D577DC9-4766-4E72-9217-B51F4DD362AF}.Debug|iPhone.ActiveCfg = Debug|x86
		{4D577DC9-4766-4E72-9217-B51F4DD362AF}.Debug|iPhoneSimulator.ActiveCfg = Debug|x86
		{4D577DC9-4766-4E72-9217-B51F4DD362AF}.Debug|x64.ActiveCfg = Debug|x64
		{4D577DC9-4766-4E72-9217-B51F4DD362AF}.Debug|x64.Build.0 = Debug|x64
		{4D577DC9-4766-4E72-9217-B51F4DD362AF}.Debug|x64.Deploy.0 = Debug|x64
		{4D577DC9-4766-4E72-9217-B51F4DD362AF}.Debug|x86.ActiveCfg = Debug|x86
		{4D577DC9-4766-4E72-9217-B51F4DD362AF}.Debug|x86.Build.0 = Debug|x86
		{4D577DC9-4766-4E72-9217-B51F4DD362AF}.Debug|x86.Deploy.0 = Debug|x86
		{4D577DC9-4766-4E72-9217-B51F4DD362AF}.Release|Any CPU.ActiveCfg = Release|x86
		{4D577DC9-4766-4E72-9217-B51F4DD362AF}.Release|ARM.ActiveCfg = Release|ARM
		{4D577DC9-4766-4E72-9217-B51F4DD362AF}.Release|ARM.Build.0 = Release|ARM
		{4D577DC9-4766-4E72-9217-B51F4DD362AF}.Release|ARM.Deploy.0 = Release|ARM
		{4D577DC9-4766-4E72-9217-B51F4DD362AF}.Release|ARM64.ActiveCfg = Release|ARM64
		{4D577DC9-4766-4E72-9217-B51F4DD362AF}.Release|ARM64.Build.0 = Release|ARM64
		{4D577DC9-4766-4E72-9217-B51F4DD362AF}.Release|ARM64.Deploy.0 = Release|ARM64
		{4D577DC9-4766-4E72-9217-B51F4DD362AF}.Release|iPhone.ActiveCfg = Release|x86
		{4D577DC9-4766-4E72-9217-B51F4DD362AF}.Release|iPhoneSimulator.ActiveCfg = Release|x86
		{4D577DC9-4766-4E72-9217-B51F4DD362AF}.Release|x64.ActiveCfg = Release|x64
		{4D577DC9-4766-4E72-9217-B51F4DD362AF}.Release|x64.Build.0 = Release|x64
		{4D577DC9-4766-4E72-9217-B51F4DD362AF}.Release|x64.Deploy.0 = Release|x64
		{4D577DC9-4766-4E72-9217-B51F4DD362AF}.Release|x86.ActiveCfg = Release|x86
		{4D577DC9-4766-4E72-9217-B51F4DD362AF}.Release|x86.Build.0 = Release|x86
		{4D577DC9-4766-4E72-9217-B51F4DD362AF}.Release|x86.Deploy.0 = Release|x86
		{FC5039E0-FE9E-4EC6-AC05-B4D581B438F3}.Ad-Hoc|Any CPU.ActiveCfg = Debug|Any CPU
		{FC5039E0-FE9E-4EC6-AC05-B4D581B438F3}.Ad-Hoc|Any CPU.Build.0 = Debug|Any CPU
		{FC5039E0-FE9E-4EC6-AC05-B4D581B438F3}.Ad-Hoc|ARM.ActiveCfg = Debug|Any CPU
		{FC5039E0-FE9E-4EC6-AC05-B4D581B438F3}.Ad-Hoc|ARM.Build.0 = Debug|Any CPU
		{FC5039E0-FE9E-4EC6-AC05-B4D581B438F3}.Ad-Hoc|ARM64.ActiveCfg = Debug|Any CPU
		{FC5039E0-FE9E-4EC6-AC05-B4D581B438F3}.Ad-Hoc|ARM64.Build.0 = Debug|Any CPU
		{FC5039E0-FE9E-4EC6-AC05-B4D581B438F3}.Ad-Hoc|iPhone.ActiveCfg = Debug|Any CPU
		{FC5039E0-FE9E-4EC6-AC05-B4D581B438F3}.Ad-Hoc|iPhone.Build.0 = Debug|Any CPU
		{FC5039E0-FE9E-4EC6-AC05-B4D581B438F3}.Ad-Hoc|iPhoneSimulator.ActiveCfg = Debug|Any CPU
		{FC5039E0-FE9E-4EC6-AC05-B4D581B438F3}.Ad-Hoc|iPhoneSimulator.Build.0 = Debug|Any CPU
		{FC5039E0-FE9E-4EC6-AC05-B4D581B438F3}.Ad-Hoc|x64.ActiveCfg = Debug|Any CPU
		{FC5039E0-FE9E-4EC6-AC05-B4D581B438F3}.Ad-Hoc|x64.Build.0 = Debug|Any CPU
		{FC5039E0-FE9E-4EC6-AC05-B4D581B438F3}.Ad-Hoc|x86.ActiveCfg = Debug|Any CPU
		{FC5039E0-FE9E-4EC6-AC05-B4D581B438F3}.Ad-Hoc|x86.Build.0 = Debug|Any CPU
		{FC5039E0-FE9E-4EC6-AC05-B4D581B438F3}.AppStore|Any CPU.ActiveCfg = Debug|Any CPU
		{FC5039E0-FE9E-4EC6-AC05-B4D581B438F3}.AppStore|Any CPU.Build.0 = Debug|Any CPU
		{FC5039E0-FE9E-4EC6-AC05-B4D581B438F3}.AppStore|ARM.ActiveCfg = Debug|Any CPU
		{FC5039E0-FE9E-4EC6-AC05-B4D581B438F3}.AppStore|ARM.Build.0 = Debug|Any CPU
		{FC5039E0-FE9E-4EC6-AC05-B4D581B438F3}.AppStore|ARM64.ActiveCfg = Debug|Any CPU
		{FC5039E0-FE9E-4EC6-AC05-B4D581B438F3}.AppStore|ARM64.Build.0 = Debug|Any CPU
		{FC5039E0-FE9E-4EC6-AC05-B4D581B438F3}.AppStore|iPhone.ActiveCfg = Debug|Any CPU
		{FC5039E0-FE9E-4EC6-AC05-B4D581B438F3}.AppStore|iPhone.Build.0 = Debug|Any CPU
		{FC5039E0-FE9E-4EC6-AC05-B4D581B438F3}.AppStore|iPhoneSimulator.ActiveCfg = Debug|Any CPU
		{FC5039E0-FE9E-4EC6-AC05-B4D581B438F3}.AppStore|iPhoneSimulator.Build.0 = Debug|Any CPU
		{FC5039E0-FE9E-4EC6-AC05-B4D581B438F3}.AppStore|x64.ActiveCfg = Debug|Any CPU
		{FC5039E0-FE9E-4EC6-AC05-B4D581B438F3}.AppStore|x64.Build.0 = Debug|Any CPU
		{FC5039E0-FE9E-4EC6-AC05-B4D581B438F3}.AppStore|x86.ActiveCfg = Debug|Any CPU
		{FC5039E0-FE9E-4EC6-AC05-B4D581B438F3}.AppStore|x86.Build.0 = Debug|Any CPU
		{FC5039E0-FE9E-4EC6-AC05-B4D581B438F3}.Debug|Any CPU.ActiveCfg = Debug|Any CPU
		{FC5039E0-FE9E-4EC6-AC05-B4D581B438F3}.Debug|Any CPU.Build.0 = Debug|Any CPU
		{FC5039E0-FE9E-4EC6-AC05-B4D581B438F3}.Debug|ARM.ActiveCfg = Debug|Any CPU
		{FC5039E0-FE9E-4EC6-AC05-B4D581B438F3}.Debug|ARM.Build.0 = Debug|Any CPU
		{FC5039E0-FE9E-4EC6-AC05-B4D581B438F3}.Debug|ARM64.ActiveCfg = Debug|Any CPU
		{FC5039E0-FE9E-4EC6-AC05-B4D581B438F3}.Debug|ARM64.Build.0 = Debug|Any CPU
		{FC5039E0-FE9E-4EC6-AC05-B4D581B438F3}.Debug|iPhone.ActiveCfg = Debug|Any CPU
		{FC5039E0-FE9E-4EC6-AC05-B4D581B438F3}.Debug|iPhone.Build.0 = Debug|Any CPU
		{FC5039E0-FE9E-4EC6-AC05-B4D581B438F3}.Debug|iPhoneSimulator.ActiveCfg = Debug|Any CPU
		{FC5039E0-FE9E-4EC6-AC05-B4D581B438F3}.Debug|iPhoneSimulator.Build.0 = Debug|Any CPU
		{FC5039E0-FE9E-4EC6-AC05-B4D581B438F3}.Debug|x64.ActiveCfg = Debug|Any CPU
		{FC5039E0-FE9E-4EC6-AC05-B4D581B438F3}.Debug|x64.Build.0 = Debug|Any CPU
		{FC5039E0-FE9E-4EC6-AC05-B4D581B438F3}.Debug|x86.ActiveCfg = Debug|Any CPU
		{FC5039E0-FE9E-4EC6-AC05-B4D581B438F3}.Debug|x86.Build.0 = Debug|Any CPU
		{FC5039E0-FE9E-4EC6-AC05-B4D581B438F3}.Release|Any CPU.ActiveCfg = Release|Any CPU
		{FC5039E0-FE9E-4EC6-AC05-B4D581B438F3}.Release|Any CPU.Build.0 = Release|Any CPU
		{FC5039E0-FE9E-4EC6-AC05-B4D581B438F3}.Release|ARM.ActiveCfg = Release|Any CPU
		{FC5039E0-FE9E-4EC6-AC05-B4D581B438F3}.Release|ARM.Build.0 = Release|Any CPU
		{FC5039E0-FE9E-4EC6-AC05-B4D581B438F3}.Release|ARM64.ActiveCfg = Release|Any CPU
		{FC5039E0-FE9E-4EC6-AC05-B4D581B438F3}.Release|ARM64.Build.0 = Release|Any CPU
		{FC5039E0-FE9E-4EC6-AC05-B4D581B438F3}.Release|iPhone.ActiveCfg = Release|Any CPU
		{FC5039E0-FE9E-4EC6-AC05-B4D581B438F3}.Release|iPhone.Build.0 = Release|Any CPU
		{FC5039E0-FE9E-4EC6-AC05-B4D581B438F3}.Release|iPhoneSimulator.ActiveCfg = Release|Any CPU
		{FC5039E0-FE9E-4EC6-AC05-B4D581B438F3}.Release|iPhoneSimulator.Build.0 = Release|Any CPU
		{FC5039E0-FE9E-4EC6-AC05-B4D581B438F3}.Release|x64.ActiveCfg = Release|Any CPU
		{FC5039E0-FE9E-4EC6-AC05-B4D581B438F3}.Release|x64.Build.0 = Release|Any CPU
		{FC5039E0-FE9E-4EC6-AC05-B4D581B438F3}.Release|x86.ActiveCfg = Release|Any CPU
		{FC5039E0-FE9E-4EC6-AC05-B4D581B438F3}.Release|x86.Build.0 = Release|Any CPU
		{11D4DBCE-5AD9-469A-943E-1B8B46A273FA}.Ad-Hoc|Any CPU.ActiveCfg = Debug|iPhoneSimulator
		{11D4DBCE-5AD9-469A-943E-1B8B46A273FA}.Ad-Hoc|Any CPU.Build.0 = Debug|iPhoneSimulator
		{11D4DBCE-5AD9-469A-943E-1B8B46A273FA}.Ad-Hoc|ARM.ActiveCfg = Debug|iPhoneSimulator
		{11D4DBCE-5AD9-469A-943E-1B8B46A273FA}.Ad-Hoc|ARM.Build.0 = Debug|iPhoneSimulator
		{11D4DBCE-5AD9-469A-943E-1B8B46A273FA}.Ad-Hoc|ARM64.ActiveCfg = Debug|iPhoneSimulator
		{11D4DBCE-5AD9-469A-943E-1B8B46A273FA}.Ad-Hoc|ARM64.Build.0 = Debug|iPhoneSimulator
		{11D4DBCE-5AD9-469A-943E-1B8B46A273FA}.Ad-Hoc|iPhone.ActiveCfg = Debug|iPhoneSimulator
		{11D4DBCE-5AD9-469A-943E-1B8B46A273FA}.Ad-Hoc|iPhone.Build.0 = Debug|iPhoneSimulator
		{11D4DBCE-5AD9-469A-943E-1B8B46A273FA}.Ad-Hoc|iPhoneSimulator.ActiveCfg = Debug|iPhoneSimulator
		{11D4DBCE-5AD9-469A-943E-1B8B46A273FA}.Ad-Hoc|iPhoneSimulator.Build.0 = Debug|iPhoneSimulator
		{11D4DBCE-5AD9-469A-943E-1B8B46A273FA}.Ad-Hoc|x64.ActiveCfg = Debug|iPhoneSimulator
		{11D4DBCE-5AD9-469A-943E-1B8B46A273FA}.Ad-Hoc|x64.Build.0 = Debug|iPhoneSimulator
		{11D4DBCE-5AD9-469A-943E-1B8B46A273FA}.Ad-Hoc|x86.ActiveCfg = Debug|iPhoneSimulator
		{11D4DBCE-5AD9-469A-943E-1B8B46A273FA}.Ad-Hoc|x86.Build.0 = Debug|iPhoneSimulator
		{11D4DBCE-5AD9-469A-943E-1B8B46A273FA}.AppStore|Any CPU.ActiveCfg = Debug|iPhoneSimulator
		{11D4DBCE-5AD9-469A-943E-1B8B46A273FA}.AppStore|Any CPU.Build.0 = Debug|iPhoneSimulator
		{11D4DBCE-5AD9-469A-943E-1B8B46A273FA}.AppStore|ARM.ActiveCfg = Debug|iPhoneSimulator
		{11D4DBCE-5AD9-469A-943E-1B8B46A273FA}.AppStore|ARM.Build.0 = Debug|iPhoneSimulator
		{11D4DBCE-5AD9-469A-943E-1B8B46A273FA}.AppStore|ARM64.ActiveCfg = Debug|iPhoneSimulator
		{11D4DBCE-5AD9-469A-943E-1B8B46A273FA}.AppStore|ARM64.Build.0 = Debug|iPhoneSimulator
		{11D4DBCE-5AD9-469A-943E-1B8B46A273FA}.AppStore|iPhone.ActiveCfg = Debug|iPhoneSimulator
		{11D4DBCE-5AD9-469A-943E-1B8B46A273FA}.AppStore|iPhone.Build.0 = Debug|iPhoneSimulator
		{11D4DBCE-5AD9-469A-943E-1B8B46A273FA}.AppStore|iPhoneSimulator.ActiveCfg = Debug|iPhoneSimulator
		{11D4DBCE-5AD9-469A-943E-1B8B46A273FA}.AppStore|iPhoneSimulator.Build.0 = Debug|iPhoneSimulator
		{11D4DBCE-5AD9-469A-943E-1B8B46A273FA}.AppStore|x64.ActiveCfg = Debug|iPhoneSimulator
		{11D4DBCE-5AD9-469A-943E-1B8B46A273FA}.AppStore|x64.Build.0 = Debug|iPhoneSimulator
		{11D4DBCE-5AD9-469A-943E-1B8B46A273FA}.AppStore|x86.ActiveCfg = Debug|iPhoneSimulator
		{11D4DBCE-5AD9-469A-943E-1B8B46A273FA}.AppStore|x86.Build.0 = Debug|iPhoneSimulator
		{11D4DBCE-5AD9-469A-943E-1B8B46A273FA}.Debug|Any CPU.ActiveCfg = Debug|iPhoneSimulator
		{11D4DBCE-5AD9-469A-943E-1B8B46A273FA}.Debug|ARM.ActiveCfg = Debug|iPhoneSimulator
		{11D4DBCE-5AD9-469A-943E-1B8B46A273FA}.Debug|ARM64.ActiveCfg = Debug|iPhoneSimulator
		{11D4DBCE-5AD9-469A-943E-1B8B46A273FA}.Debug|iPhone.ActiveCfg = Debug|iPhoneSimulator
		{11D4DBCE-5AD9-469A-943E-1B8B46A273FA}.Debug|iPhoneSimulator.ActiveCfg = Debug|iPhoneSimulator
		{11D4DBCE-5AD9-469A-943E-1B8B46A273FA}.Debug|iPhoneSimulator.Build.0 = Debug|iPhoneSimulator
		{11D4DBCE-5AD9-469A-943E-1B8B46A273FA}.Debug|x64.ActiveCfg = Debug|iPhoneSimulator
		{11D4DBCE-5AD9-469A-943E-1B8B46A273FA}.Debug|x86.ActiveCfg = Debug|iPhoneSimulator
		{11D4DBCE-5AD9-469A-943E-1B8B46A273FA}.Release|Any CPU.ActiveCfg = Release|iPhoneSimulator
		{11D4DBCE-5AD9-469A-943E-1B8B46A273FA}.Release|ARM.ActiveCfg = Release|iPhoneSimulator
		{11D4DBCE-5AD9-469A-943E-1B8B46A273FA}.Release|ARM64.ActiveCfg = Release|iPhoneSimulator
		{11D4DBCE-5AD9-469A-943E-1B8B46A273FA}.Release|iPhone.ActiveCfg = Release|iPhoneSimulator
		{11D4DBCE-5AD9-469A-943E-1B8B46A273FA}.Release|iPhoneSimulator.ActiveCfg = Release|iPhoneSimulator
		{11D4DBCE-5AD9-469A-943E-1B8B46A273FA}.Release|iPhoneSimulator.Build.0 = Release|iPhoneSimulator
		{11D4DBCE-5AD9-469A-943E-1B8B46A273FA}.Release|x64.ActiveCfg = Release|iPhoneSimulator
		{11D4DBCE-5AD9-469A-943E-1B8B46A273FA}.Release|x86.ActiveCfg = Release|iPhoneSimulator
		{3832EA1B-7EF4-4484-AEC6-2079D573653A}.Ad-Hoc|Any CPU.ActiveCfg = Debug|Any CPU
		{3832EA1B-7EF4-4484-AEC6-2079D573653A}.Ad-Hoc|Any CPU.Build.0 = Debug|Any CPU
		{3832EA1B-7EF4-4484-AEC6-2079D573653A}.Ad-Hoc|ARM.ActiveCfg = Debug|Any CPU
		{3832EA1B-7EF4-4484-AEC6-2079D573653A}.Ad-Hoc|ARM.Build.0 = Debug|Any CPU
		{3832EA1B-7EF4-4484-AEC6-2079D573653A}.Ad-Hoc|ARM64.ActiveCfg = Debug|Any CPU
		{3832EA1B-7EF4-4484-AEC6-2079D573653A}.Ad-Hoc|ARM64.Build.0 = Debug|Any CPU
		{3832EA1B-7EF4-4484-AEC6-2079D573653A}.Ad-Hoc|iPhone.ActiveCfg = Debug|Any CPU
		{3832EA1B-7EF4-4484-AEC6-2079D573653A}.Ad-Hoc|iPhone.Build.0 = Debug|Any CPU
		{3832EA1B-7EF4-4484-AEC6-2079D573653A}.Ad-Hoc|iPhoneSimulator.ActiveCfg = Debug|Any CPU
		{3832EA1B-7EF4-4484-AEC6-2079D573653A}.Ad-Hoc|iPhoneSimulator.Build.0 = Debug|Any CPU
		{3832EA1B-7EF4-4484-AEC6-2079D573653A}.Ad-Hoc|x64.ActiveCfg = Debug|Any CPU
		{3832EA1B-7EF4-4484-AEC6-2079D573653A}.Ad-Hoc|x64.Build.0 = Debug|Any CPU
		{3832EA1B-7EF4-4484-AEC6-2079D573653A}.Ad-Hoc|x86.ActiveCfg = Debug|Any CPU
		{3832EA1B-7EF4-4484-AEC6-2079D573653A}.Ad-Hoc|x86.Build.0 = Debug|Any CPU
		{3832EA1B-7EF4-4484-AEC6-2079D573653A}.AppStore|Any CPU.ActiveCfg = Debug|Any CPU
		{3832EA1B-7EF4-4484-AEC6-2079D573653A}.AppStore|Any CPU.Build.0 = Debug|Any CPU
		{3832EA1B-7EF4-4484-AEC6-2079D573653A}.AppStore|ARM.ActiveCfg = Debug|Any CPU
		{3832EA1B-7EF4-4484-AEC6-2079D573653A}.AppStore|ARM.Build.0 = Debug|Any CPU
		{3832EA1B-7EF4-4484-AEC6-2079D573653A}.AppStore|ARM64.ActiveCfg = Debug|Any CPU
		{3832EA1B-7EF4-4484-AEC6-2079D573653A}.AppStore|ARM64.Build.0 = Debug|Any CPU
		{3832EA1B-7EF4-4484-AEC6-2079D573653A}.AppStore|iPhone.ActiveCfg = Debug|Any CPU
		{3832EA1B-7EF4-4484-AEC6-2079D573653A}.AppStore|iPhone.Build.0 = Debug|Any CPU
		{3832EA1B-7EF4-4484-AEC6-2079D573653A}.AppStore|iPhoneSimulator.ActiveCfg = Debug|Any CPU
		{3832EA1B-7EF4-4484-AEC6-2079D573653A}.AppStore|iPhoneSimulator.Build.0 = Debug|Any CPU
		{3832EA1B-7EF4-4484-AEC6-2079D573653A}.AppStore|x64.ActiveCfg = Debug|Any CPU
		{3832EA1B-7EF4-4484-AEC6-2079D573653A}.AppStore|x64.Build.0 = Debug|Any CPU
		{3832EA1B-7EF4-4484-AEC6-2079D573653A}.AppStore|x86.ActiveCfg = Debug|Any CPU
		{3832EA1B-7EF4-4484-AEC6-2079D573653A}.AppStore|x86.Build.0 = Debug|Any CPU
		{3832EA1B-7EF4-4484-AEC6-2079D573653A}.Debug|Any CPU.ActiveCfg = Debug|Any CPU
		{3832EA1B-7EF4-4484-AEC6-2079D573653A}.Debug|Any CPU.Build.0 = Debug|Any CPU
		{3832EA1B-7EF4-4484-AEC6-2079D573653A}.Debug|ARM.ActiveCfg = Debug|Any CPU
		{3832EA1B-7EF4-4484-AEC6-2079D573653A}.Debug|ARM.Build.0 = Debug|Any CPU
		{3832EA1B-7EF4-4484-AEC6-2079D573653A}.Debug|ARM64.ActiveCfg = Debug|Any CPU
		{3832EA1B-7EF4-4484-AEC6-2079D573653A}.Debug|ARM64.Build.0 = Debug|Any CPU
		{3832EA1B-7EF4-4484-AEC6-2079D573653A}.Debug|iPhone.ActiveCfg = Debug|Any CPU
		{3832EA1B-7EF4-4484-AEC6-2079D573653A}.Debug|iPhone.Build.0 = Debug|Any CPU
		{3832EA1B-7EF4-4484-AEC6-2079D573653A}.Debug|iPhoneSimulator.ActiveCfg = Debug|Any CPU
		{3832EA1B-7EF4-4484-AEC6-2079D573653A}.Debug|iPhoneSimulator.Build.0 = Debug|Any CPU
		{3832EA1B-7EF4-4484-AEC6-2079D573653A}.Debug|x64.ActiveCfg = Debug|Any CPU
		{3832EA1B-7EF4-4484-AEC6-2079D573653A}.Debug|x64.Build.0 = Debug|Any CPU
		{3832EA1B-7EF4-4484-AEC6-2079D573653A}.Debug|x86.ActiveCfg = Debug|Any CPU
		{3832EA1B-7EF4-4484-AEC6-2079D573653A}.Debug|x86.Build.0 = Debug|Any CPU
		{3832EA1B-7EF4-4484-AEC6-2079D573653A}.Release|Any CPU.ActiveCfg = Release|Any CPU
		{3832EA1B-7EF4-4484-AEC6-2079D573653A}.Release|Any CPU.Build.0 = Release|Any CPU
		{3832EA1B-7EF4-4484-AEC6-2079D573653A}.Release|ARM.ActiveCfg = Release|Any CPU
		{3832EA1B-7EF4-4484-AEC6-2079D573653A}.Release|ARM.Build.0 = Release|Any CPU
		{3832EA1B-7EF4-4484-AEC6-2079D573653A}.Release|ARM64.ActiveCfg = Release|Any CPU
		{3832EA1B-7EF4-4484-AEC6-2079D573653A}.Release|ARM64.Build.0 = Release|Any CPU
		{3832EA1B-7EF4-4484-AEC6-2079D573653A}.Release|iPhone.ActiveCfg = Release|Any CPU
		{3832EA1B-7EF4-4484-AEC6-2079D573653A}.Release|iPhone.Build.0 = Release|Any CPU
		{3832EA1B-7EF4-4484-AEC6-2079D573653A}.Release|iPhoneSimulator.ActiveCfg = Release|Any CPU
		{3832EA1B-7EF4-4484-AEC6-2079D573653A}.Release|iPhoneSimulator.Build.0 = Release|Any CPU
		{3832EA1B-7EF4-4484-AEC6-2079D573653A}.Release|x64.ActiveCfg = Release|Any CPU
		{3832EA1B-7EF4-4484-AEC6-2079D573653A}.Release|x64.Build.0 = Release|Any CPU
		{3832EA1B-7EF4-4484-AEC6-2079D573653A}.Release|x86.ActiveCfg = Release|Any CPU
		{3832EA1B-7EF4-4484-AEC6-2079D573653A}.Release|x86.Build.0 = Release|Any CPU
		{F03A8D49-456E-433D-894E-07CBDA394A26}.Ad-Hoc|Any CPU.ActiveCfg = Debug|Any CPU
		{F03A8D49-456E-433D-894E-07CBDA394A26}.Ad-Hoc|Any CPU.Build.0 = Debug|Any CPU
		{F03A8D49-456E-433D-894E-07CBDA394A26}.Ad-Hoc|ARM.ActiveCfg = Debug|Any CPU
		{F03A8D49-456E-433D-894E-07CBDA394A26}.Ad-Hoc|ARM.Build.0 = Debug|Any CPU
		{F03A8D49-456E-433D-894E-07CBDA394A26}.Ad-Hoc|ARM64.ActiveCfg = Debug|Any CPU
		{F03A8D49-456E-433D-894E-07CBDA394A26}.Ad-Hoc|ARM64.Build.0 = Debug|Any CPU
		{F03A8D49-456E-433D-894E-07CBDA394A26}.Ad-Hoc|iPhone.ActiveCfg = Debug|Any CPU
		{F03A8D49-456E-433D-894E-07CBDA394A26}.Ad-Hoc|iPhone.Build.0 = Debug|Any CPU
		{F03A8D49-456E-433D-894E-07CBDA394A26}.Ad-Hoc|iPhoneSimulator.ActiveCfg = Debug|Any CPU
		{F03A8D49-456E-433D-894E-07CBDA394A26}.Ad-Hoc|iPhoneSimulator.Build.0 = Debug|Any CPU
		{F03A8D49-456E-433D-894E-07CBDA394A26}.Ad-Hoc|x64.ActiveCfg = Debug|Any CPU
		{F03A8D49-456E-433D-894E-07CBDA394A26}.Ad-Hoc|x64.Build.0 = Debug|Any CPU
		{F03A8D49-456E-433D-894E-07CBDA394A26}.Ad-Hoc|x86.ActiveCfg = Debug|Any CPU
		{F03A8D49-456E-433D-894E-07CBDA394A26}.Ad-Hoc|x86.Build.0 = Debug|Any CPU
		{F03A8D49-456E-433D-894E-07CBDA394A26}.AppStore|Any CPU.ActiveCfg = Debug|Any CPU
		{F03A8D49-456E-433D-894E-07CBDA394A26}.AppStore|Any CPU.Build.0 = Debug|Any CPU
		{F03A8D49-456E-433D-894E-07CBDA394A26}.AppStore|ARM.ActiveCfg = Debug|Any CPU
		{F03A8D49-456E-433D-894E-07CBDA394A26}.AppStore|ARM.Build.0 = Debug|Any CPU
		{F03A8D49-456E-433D-894E-07CBDA394A26}.AppStore|ARM64.ActiveCfg = Debug|Any CPU
		{F03A8D49-456E-433D-894E-07CBDA394A26}.AppStore|ARM64.Build.0 = Debug|Any CPU
		{F03A8D49-456E-433D-894E-07CBDA394A26}.AppStore|iPhone.ActiveCfg = Debug|Any CPU
		{F03A8D49-456E-433D-894E-07CBDA394A26}.AppStore|iPhone.Build.0 = Debug|Any CPU
		{F03A8D49-456E-433D-894E-07CBDA394A26}.AppStore|iPhoneSimulator.ActiveCfg = Debug|Any CPU
		{F03A8D49-456E-433D-894E-07CBDA394A26}.AppStore|iPhoneSimulator.Build.0 = Debug|Any CPU
		{F03A8D49-456E-433D-894E-07CBDA394A26}.AppStore|x64.ActiveCfg = Debug|Any CPU
		{F03A8D49-456E-433D-894E-07CBDA394A26}.AppStore|x64.Build.0 = Debug|Any CPU
		{F03A8D49-456E-433D-894E-07CBDA394A26}.AppStore|x86.ActiveCfg = Debug|Any CPU
		{F03A8D49-456E-433D-894E-07CBDA394A26}.AppStore|x86.Build.0 = Debug|Any CPU
		{F03A8D49-456E-433D-894E-07CBDA394A26}.Debug|Any CPU.ActiveCfg = Debug|Any CPU
		{F03A8D49-456E-433D-894E-07CBDA394A26}.Debug|Any CPU.Build.0 = Debug|Any CPU
		{F03A8D49-456E-433D-894E-07CBDA394A26}.Debug|ARM.ActiveCfg = Debug|Any CPU
		{F03A8D49-456E-433D-894E-07CBDA394A26}.Debug|ARM.Build.0 = Debug|Any CPU
		{F03A8D49-456E-433D-894E-07CBDA394A26}.Debug|ARM64.ActiveCfg = Debug|Any CPU
		{F03A8D49-456E-433D-894E-07CBDA394A26}.Debug|ARM64.Build.0 = Debug|Any CPU
		{F03A8D49-456E-433D-894E-07CBDA394A26}.Debug|iPhone.ActiveCfg = Debug|Any CPU
		{F03A8D49-456E-433D-894E-07CBDA394A26}.Debug|iPhone.Build.0 = Debug|Any CPU
		{F03A8D49-456E-433D-894E-07CBDA394A26}.Debug|iPhoneSimulator.ActiveCfg = Debug|Any CPU
		{F03A8D49-456E-433D-894E-07CBDA394A26}.Debug|iPhoneSimulator.Build.0 = Debug|Any CPU
		{F03A8D49-456E-433D-894E-07CBDA394A26}.Debug|x64.ActiveCfg = Debug|Any CPU
		{F03A8D49-456E-433D-894E-07CBDA394A26}.Debug|x64.Build.0 = Debug|Any CPU
		{F03A8D49-456E-433D-894E-07CBDA394A26}.Debug|x86.ActiveCfg = Debug|Any CPU
		{F03A8D49-456E-433D-894E-07CBDA394A26}.Debug|x86.Build.0 = Debug|Any CPU
		{F03A8D49-456E-433D-894E-07CBDA394A26}.Release|Any CPU.ActiveCfg = Release|Any CPU
		{F03A8D49-456E-433D-894E-07CBDA394A26}.Release|Any CPU.Build.0 = Release|Any CPU
		{F03A8D49-456E-433D-894E-07CBDA394A26}.Release|ARM.ActiveCfg = Release|Any CPU
		{F03A8D49-456E-433D-894E-07CBDA394A26}.Release|ARM.Build.0 = Release|Any CPU
		{F03A8D49-456E-433D-894E-07CBDA394A26}.Release|ARM64.ActiveCfg = Release|Any CPU
		{F03A8D49-456E-433D-894E-07CBDA394A26}.Release|ARM64.Build.0 = Release|Any CPU
		{F03A8D49-456E-433D-894E-07CBDA394A26}.Release|iPhone.ActiveCfg = Release|Any CPU
		{F03A8D49-456E-433D-894E-07CBDA394A26}.Release|iPhone.Build.0 = Release|Any CPU
		{F03A8D49-456E-433D-894E-07CBDA394A26}.Release|iPhoneSimulator.ActiveCfg = Release|Any CPU
		{F03A8D49-456E-433D-894E-07CBDA394A26}.Release|iPhoneSimulator.Build.0 = Release|Any CPU
		{F03A8D49-456E-433D-894E-07CBDA394A26}.Release|x64.ActiveCfg = Release|Any CPU
		{F03A8D49-456E-433D-894E-07CBDA394A26}.Release|x64.Build.0 = Release|Any CPU
		{F03A8D49-456E-433D-894E-07CBDA394A26}.Release|x86.ActiveCfg = Release|Any CPU
		{F03A8D49-456E-433D-894E-07CBDA394A26}.Release|x86.Build.0 = Release|Any CPU
		{97301C2C-255C-4958-9A21-775D0CB0FA4E}.Ad-Hoc|Any CPU.ActiveCfg = Debug|Any CPU
		{97301C2C-255C-4958-9A21-775D0CB0FA4E}.Ad-Hoc|Any CPU.Build.0 = Debug|Any CPU
		{97301C2C-255C-4958-9A21-775D0CB0FA4E}.Ad-Hoc|ARM.ActiveCfg = Debug|Any CPU
		{97301C2C-255C-4958-9A21-775D0CB0FA4E}.Ad-Hoc|ARM.Build.0 = Debug|Any CPU
		{97301C2C-255C-4958-9A21-775D0CB0FA4E}.Ad-Hoc|ARM64.ActiveCfg = Debug|Any CPU
		{97301C2C-255C-4958-9A21-775D0CB0FA4E}.Ad-Hoc|ARM64.Build.0 = Debug|Any CPU
		{97301C2C-255C-4958-9A21-775D0CB0FA4E}.Ad-Hoc|iPhone.ActiveCfg = Debug|Any CPU
		{97301C2C-255C-4958-9A21-775D0CB0FA4E}.Ad-Hoc|iPhone.Build.0 = Debug|Any CPU
		{97301C2C-255C-4958-9A21-775D0CB0FA4E}.Ad-Hoc|iPhoneSimulator.ActiveCfg = Debug|Any CPU
		{97301C2C-255C-4958-9A21-775D0CB0FA4E}.Ad-Hoc|iPhoneSimulator.Build.0 = Debug|Any CPU
		{97301C2C-255C-4958-9A21-775D0CB0FA4E}.Ad-Hoc|x64.ActiveCfg = Debug|Any CPU
		{97301C2C-255C-4958-9A21-775D0CB0FA4E}.Ad-Hoc|x64.Build.0 = Debug|Any CPU
		{97301C2C-255C-4958-9A21-775D0CB0FA4E}.Ad-Hoc|x86.ActiveCfg = Debug|Any CPU
		{97301C2C-255C-4958-9A21-775D0CB0FA4E}.Ad-Hoc|x86.Build.0 = Debug|Any CPU
		{97301C2C-255C-4958-9A21-775D0CB0FA4E}.AppStore|Any CPU.ActiveCfg = Debug|Any CPU
		{97301C2C-255C-4958-9A21-775D0CB0FA4E}.AppStore|Any CPU.Build.0 = Debug|Any CPU
		{97301C2C-255C-4958-9A21-775D0CB0FA4E}.AppStore|ARM.ActiveCfg = Debug|Any CPU
		{97301C2C-255C-4958-9A21-775D0CB0FA4E}.AppStore|ARM.Build.0 = Debug|Any CPU
		{97301C2C-255C-4958-9A21-775D0CB0FA4E}.AppStore|ARM64.ActiveCfg = Debug|Any CPU
		{97301C2C-255C-4958-9A21-775D0CB0FA4E}.AppStore|ARM64.Build.0 = Debug|Any CPU
		{97301C2C-255C-4958-9A21-775D0CB0FA4E}.AppStore|iPhone.ActiveCfg = Debug|Any CPU
		{97301C2C-255C-4958-9A21-775D0CB0FA4E}.AppStore|iPhone.Build.0 = Debug|Any CPU
		{97301C2C-255C-4958-9A21-775D0CB0FA4E}.AppStore|iPhoneSimulator.ActiveCfg = Debug|Any CPU
		{97301C2C-255C-4958-9A21-775D0CB0FA4E}.AppStore|iPhoneSimulator.Build.0 = Debug|Any CPU
		{97301C2C-255C-4958-9A21-775D0CB0FA4E}.AppStore|x64.ActiveCfg = Debug|Any CPU
		{97301C2C-255C-4958-9A21-775D0CB0FA4E}.AppStore|x64.Build.0 = Debug|Any CPU
		{97301C2C-255C-4958-9A21-775D0CB0FA4E}.AppStore|x86.ActiveCfg = Debug|Any CPU
		{97301C2C-255C-4958-9A21-775D0CB0FA4E}.AppStore|x86.Build.0 = Debug|Any CPU
		{97301C2C-255C-4958-9A21-775D0CB0FA4E}.Debug|Any CPU.ActiveCfg = Debug|Any CPU
		{97301C2C-255C-4958-9A21-775D0CB0FA4E}.Debug|Any CPU.Build.0 = Debug|Any CPU
		{97301C2C-255C-4958-9A21-775D0CB0FA4E}.Debug|ARM.ActiveCfg = Debug|Any CPU
		{97301C2C-255C-4958-9A21-775D0CB0FA4E}.Debug|ARM.Build.0 = Debug|Any CPU
		{97301C2C-255C-4958-9A21-775D0CB0FA4E}.Debug|ARM64.ActiveCfg = Debug|Any CPU
		{97301C2C-255C-4958-9A21-775D0CB0FA4E}.Debug|ARM64.Build.0 = Debug|Any CPU
		{97301C2C-255C-4958-9A21-775D0CB0FA4E}.Debug|iPhone.ActiveCfg = Debug|Any CPU
		{97301C2C-255C-4958-9A21-775D0CB0FA4E}.Debug|iPhone.Build.0 = Debug|Any CPU
		{97301C2C-255C-4958-9A21-775D0CB0FA4E}.Debug|iPhoneSimulator.ActiveCfg = Debug|Any CPU
		{97301C2C-255C-4958-9A21-775D0CB0FA4E}.Debug|iPhoneSimulator.Build.0 = Debug|Any CPU
		{97301C2C-255C-4958-9A21-775D0CB0FA4E}.Debug|x64.ActiveCfg = Debug|Any CPU
		{97301C2C-255C-4958-9A21-775D0CB0FA4E}.Debug|x64.Build.0 = Debug|Any CPU
		{97301C2C-255C-4958-9A21-775D0CB0FA4E}.Debug|x86.ActiveCfg = Debug|Any CPU
		{97301C2C-255C-4958-9A21-775D0CB0FA4E}.Debug|x86.Build.0 = Debug|Any CPU
		{97301C2C-255C-4958-9A21-775D0CB0FA4E}.Release|Any CPU.ActiveCfg = Release|Any CPU
		{97301C2C-255C-4958-9A21-775D0CB0FA4E}.Release|Any CPU.Build.0 = Release|Any CPU
		{97301C2C-255C-4958-9A21-775D0CB0FA4E}.Release|ARM.ActiveCfg = Release|Any CPU
		{97301C2C-255C-4958-9A21-775D0CB0FA4E}.Release|ARM.Build.0 = Release|Any CPU
		{97301C2C-255C-4958-9A21-775D0CB0FA4E}.Release|ARM64.ActiveCfg = Release|Any CPU
		{97301C2C-255C-4958-9A21-775D0CB0FA4E}.Release|ARM64.Build.0 = Release|Any CPU
		{97301C2C-255C-4958-9A21-775D0CB0FA4E}.Release|iPhone.ActiveCfg = Release|Any CPU
		{97301C2C-255C-4958-9A21-775D0CB0FA4E}.Release|iPhone.Build.0 = Release|Any CPU
		{97301C2C-255C-4958-9A21-775D0CB0FA4E}.Release|iPhoneSimulator.ActiveCfg = Release|Any CPU
		{97301C2C-255C-4958-9A21-775D0CB0FA4E}.Release|iPhoneSimulator.Build.0 = Release|Any CPU
		{97301C2C-255C-4958-9A21-775D0CB0FA4E}.Release|x64.ActiveCfg = Release|Any CPU
		{97301C2C-255C-4958-9A21-775D0CB0FA4E}.Release|x64.Build.0 = Release|Any CPU
		{97301C2C-255C-4958-9A21-775D0CB0FA4E}.Release|x86.ActiveCfg = Release|Any CPU
		{97301C2C-255C-4958-9A21-775D0CB0FA4E}.Release|x86.Build.0 = Release|Any CPU
		{C0734BAF-E5F3-4B04-A015-1079D0B8E860}.Ad-Hoc|Any CPU.ActiveCfg = Debug|Any CPU
		{C0734BAF-E5F3-4B04-A015-1079D0B8E860}.Ad-Hoc|Any CPU.Build.0 = Debug|Any CPU
		{C0734BAF-E5F3-4B04-A015-1079D0B8E860}.Ad-Hoc|ARM.ActiveCfg = Debug|Any CPU
		{C0734BAF-E5F3-4B04-A015-1079D0B8E860}.Ad-Hoc|ARM.Build.0 = Debug|Any CPU
		{C0734BAF-E5F3-4B04-A015-1079D0B8E860}.Ad-Hoc|ARM64.ActiveCfg = Debug|Any CPU
		{C0734BAF-E5F3-4B04-A015-1079D0B8E860}.Ad-Hoc|ARM64.Build.0 = Debug|Any CPU
		{C0734BAF-E5F3-4B04-A015-1079D0B8E860}.Ad-Hoc|iPhone.ActiveCfg = Debug|Any CPU
		{C0734BAF-E5F3-4B04-A015-1079D0B8E860}.Ad-Hoc|iPhone.Build.0 = Debug|Any CPU
		{C0734BAF-E5F3-4B04-A015-1079D0B8E860}.Ad-Hoc|iPhoneSimulator.ActiveCfg = Debug|Any CPU
		{C0734BAF-E5F3-4B04-A015-1079D0B8E860}.Ad-Hoc|iPhoneSimulator.Build.0 = Debug|Any CPU
		{C0734BAF-E5F3-4B04-A015-1079D0B8E860}.Ad-Hoc|x64.ActiveCfg = Debug|Any CPU
		{C0734BAF-E5F3-4B04-A015-1079D0B8E860}.Ad-Hoc|x64.Build.0 = Debug|Any CPU
		{C0734BAF-E5F3-4B04-A015-1079D0B8E860}.Ad-Hoc|x86.ActiveCfg = Debug|Any CPU
		{C0734BAF-E5F3-4B04-A015-1079D0B8E860}.Ad-Hoc|x86.Build.0 = Debug|Any CPU
		{C0734BAF-E5F3-4B04-A015-1079D0B8E860}.AppStore|Any CPU.ActiveCfg = Debug|Any CPU
		{C0734BAF-E5F3-4B04-A015-1079D0B8E860}.AppStore|Any CPU.Build.0 = Debug|Any CPU
		{C0734BAF-E5F3-4B04-A015-1079D0B8E860}.AppStore|ARM.ActiveCfg = Debug|Any CPU
		{C0734BAF-E5F3-4B04-A015-1079D0B8E860}.AppStore|ARM.Build.0 = Debug|Any CPU
		{C0734BAF-E5F3-4B04-A015-1079D0B8E860}.AppStore|ARM64.ActiveCfg = Debug|Any CPU
		{C0734BAF-E5F3-4B04-A015-1079D0B8E860}.AppStore|ARM64.Build.0 = Debug|Any CPU
		{C0734BAF-E5F3-4B04-A015-1079D0B8E860}.AppStore|iPhone.ActiveCfg = Debug|Any CPU
		{C0734BAF-E5F3-4B04-A015-1079D0B8E860}.AppStore|iPhone.Build.0 = Debug|Any CPU
		{C0734BAF-E5F3-4B04-A015-1079D0B8E860}.AppStore|iPhoneSimulator.ActiveCfg = Debug|Any CPU
		{C0734BAF-E5F3-4B04-A015-1079D0B8E860}.AppStore|iPhoneSimulator.Build.0 = Debug|Any CPU
		{C0734BAF-E5F3-4B04-A015-1079D0B8E860}.AppStore|x64.ActiveCfg = Debug|Any CPU
		{C0734BAF-E5F3-4B04-A015-1079D0B8E860}.AppStore|x64.Build.0 = Debug|Any CPU
		{C0734BAF-E5F3-4B04-A015-1079D0B8E860}.AppStore|x86.ActiveCfg = Debug|Any CPU
		{C0734BAF-E5F3-4B04-A015-1079D0B8E860}.AppStore|x86.Build.0 = Debug|Any CPU
		{C0734BAF-E5F3-4B04-A015-1079D0B8E860}.Debug|Any CPU.ActiveCfg = Debug|Any CPU
		{C0734BAF-E5F3-4B04-A015-1079D0B8E860}.Debug|Any CPU.Build.0 = Debug|Any CPU
		{C0734BAF-E5F3-4B04-A015-1079D0B8E860}.Debug|ARM.ActiveCfg = Debug|Any CPU
		{C0734BAF-E5F3-4B04-A015-1079D0B8E860}.Debug|ARM.Build.0 = Debug|Any CPU
		{C0734BAF-E5F3-4B04-A015-1079D0B8E860}.Debug|ARM64.ActiveCfg = Debug|Any CPU
		{C0734BAF-E5F3-4B04-A015-1079D0B8E860}.Debug|ARM64.Build.0 = Debug|Any CPU
		{C0734BAF-E5F3-4B04-A015-1079D0B8E860}.Debug|iPhone.ActiveCfg = Debug|Any CPU
		{C0734BAF-E5F3-4B04-A015-1079D0B8E860}.Debug|iPhone.Build.0 = Debug|Any CPU
		{C0734BAF-E5F3-4B04-A015-1079D0B8E860}.Debug|iPhoneSimulator.ActiveCfg = Debug|Any CPU
		{C0734BAF-E5F3-4B04-A015-1079D0B8E860}.Debug|iPhoneSimulator.Build.0 = Debug|Any CPU
		{C0734BAF-E5F3-4B04-A015-1079D0B8E860}.Debug|x64.ActiveCfg = Debug|Any CPU
		{C0734BAF-E5F3-4B04-A015-1079D0B8E860}.Debug|x64.Build.0 = Debug|Any CPU
		{C0734BAF-E5F3-4B04-A015-1079D0B8E860}.Debug|x86.ActiveCfg = Debug|Any CPU
		{C0734BAF-E5F3-4B04-A015-1079D0B8E860}.Debug|x86.Build.0 = Debug|Any CPU
		{C0734BAF-E5F3-4B04-A015-1079D0B8E860}.Release|Any CPU.ActiveCfg = Release|Any CPU
		{C0734BAF-E5F3-4B04-A015-1079D0B8E860}.Release|Any CPU.Build.0 = Release|Any CPU
		{C0734BAF-E5F3-4B04-A015-1079D0B8E860}.Release|ARM.ActiveCfg = Release|Any CPU
		{C0734BAF-E5F3-4B04-A015-1079D0B8E860}.Release|ARM.Build.0 = Release|Any CPU
		{C0734BAF-E5F3-4B04-A015-1079D0B8E860}.Release|ARM64.ActiveCfg = Release|Any CPU
		{C0734BAF-E5F3-4B04-A015-1079D0B8E860}.Release|ARM64.Build.0 = Release|Any CPU
		{C0734BAF-E5F3-4B04-A015-1079D0B8E860}.Release|iPhone.ActiveCfg = Release|Any CPU
		{C0734BAF-E5F3-4B04-A015-1079D0B8E860}.Release|iPhone.Build.0 = Release|Any CPU
		{C0734BAF-E5F3-4B04-A015-1079D0B8E860}.Release|iPhoneSimulator.ActiveCfg = Release|Any CPU
		{C0734BAF-E5F3-4B04-A015-1079D0B8E860}.Release|iPhoneSimulator.Build.0 = Release|Any CPU
		{C0734BAF-E5F3-4B04-A015-1079D0B8E860}.Release|x64.ActiveCfg = Release|Any CPU
		{C0734BAF-E5F3-4B04-A015-1079D0B8E860}.Release|x64.Build.0 = Release|Any CPU
		{C0734BAF-E5F3-4B04-A015-1079D0B8E860}.Release|x86.ActiveCfg = Release|Any CPU
		{C0734BAF-E5F3-4B04-A015-1079D0B8E860}.Release|x86.Build.0 = Release|Any CPU
	EndGlobalSection
	GlobalSection(SolutionProperties) = preSolution
		HideSolutionNode = FALSE
	EndGlobalSection
	GlobalSection(NestedProjects) = preSolution
		{7E8EAFD4-72F8-4C6F-AEE5-FAEAF0AAEC94} = {1CEEEF36-46F4-49C9-BF68-0ECFEF4F0BAA}
		{E077E44B-ED43-4343-B6FF-AAE52E9E08A8} = {1CEEEF36-46F4-49C9-BF68-0ECFEF4F0BAA}
		{4D577DC9-4766-4E72-9217-B51F4DD362AF} = {1CEEEF36-46F4-49C9-BF68-0ECFEF4F0BAA}
		{FC5039E0-FE9E-4EC6-AC05-B4D581B438F3} = {1CEEEF36-46F4-49C9-BF68-0ECFEF4F0BAA}
		{11D4DBCE-5AD9-469A-943E-1B8B46A273FA} = {1CEEEF36-46F4-49C9-BF68-0ECFEF4F0BAA}
		{3832EA1B-7EF4-4484-AEC6-2079D573653A} = {1CEEEF36-46F4-49C9-BF68-0ECFEF4F0BAA}
		{F03A8D49-456E-433D-894E-07CBDA394A26} = {1CEEEF36-46F4-49C9-BF68-0ECFEF4F0BAA}
		{97301C2C-255C-4958-9A21-775D0CB0FA4E} = {1CEEEF36-46F4-49C9-BF68-0ECFEF4F0BAA}
		{C0734BAF-E5F3-4B04-A015-1079D0B8E860} = {1CEEEF36-46F4-49C9-BF68-0ECFEF4F0BAA}
	EndGlobalSection
	GlobalSection(ExtensibilityGlobals) = postSolution
		SolutionGuid = {8A888268-0F50-45C9-B8AF-69161370C974}
	EndGlobalSection
EndGlobal
